
Microsoft Visual Studio Solution File, Format Version 12.00
# Visual Studio Version 17
VisualStudioVersion = 17.0.31903.59
MinimumVisualStudioVersion = 10.0.40219.1
Project("{2150E333-8FDC-42A3-9474-1A3956D46DE8}") = "src", "src", "{827E0CD3-B72D-47B6-A68D-7590B98EB39B}"
EndProject
Project("{FAE04EC0-301F-11D3-BF4B-00C04F79EFBC}") = "Danom.MinimalApi", "src\Danom.MinimalApi.csproj", "{D28C81FE-E346-4A50-B412-EFD9E4874E39}"
EndProject
Project("{2150E333-8FDC-42A3-9474-1A3956D46DE8}") = "test", "test", "{0C88DD14-F956-CE84-757C-A364CCF449FC}"
EndProject
Project("{2150E333-8FDC-42A3-9474-1A3956D46DE8}") = "App", "App", "{2DF886D9-F4AF-D247-851D-E96B27719944}"
EndProject
Project("{FAE04EC0-301F-11D3-BF4B-00C04F79EFBC}") = "Danom.MinimalApi.Tests.App", "test\App\Danom.MinimalApi.Tests.App.csproj", "{E3A2B761-EFC1-44C4-9421-50E265E6B4E5}"
EndProject
Project("{2150E333-8FDC-42A3-9474-1A3956D46DE8}") = "Tests", "Tests", "{A4727044-5B94-F1CA-5B68-DF8E00BB2C25}"
EndProject
Project("{FAE04EC0-301F-11D3-BF4B-00C04F79EFBC}") = "Danom.MinimalApi.Tests", "test\Tests\Danom.MinimalApi.Tests.csproj", "{13B6E102-AC94-4091-935F-813395ACA4A2}"
EndProject
Global
	GlobalSection(SolutionConfigurationPlatforms) = preSolution
		Debug|Any CPU = Debug|Any CPU
		Debug|x64 = Debug|x64
		Debug|x86 = Debug|x86
		Release|Any CPU = Release|Any CPU
		Release|x64 = Release|x64
		Release|x86 = Release|x86
	EndGlobalSection
	GlobalSection(ProjectConfigurationPlatforms) = postSolution
		{D28C81FE-E346-4A50-B412-EFD9E4874E39}.Debug|Any CPU.ActiveCfg = Debug|Any CPU
		{D28C81FE-E346-4A50-B412-EFD9E4874E39}.Debug|Any CPU.Build.0 = Debug|Any CPU
		{D28C81FE-E346-4A50-B412-EFD9E4874E39}.Debug|x64.ActiveCfg = Debug|Any CPU
		{D28C81FE-E346-4A50-B412-EFD9E4874E39}.Debug|x64.Build.0 = Debug|Any CPU
		{D28C81FE-E346-4A50-B412-EFD9E4874E39}.Debug|x86.ActiveCfg = Debug|Any CPU
		{D28C81FE-E346-4A50-B412-EFD9E4874E39}.Debug|x86.Build.0 = Debug|Any CPU
		{D28C81FE-E346-4A50-B412-EFD9E4874E39}.Release|Any CPU.ActiveCfg = Release|Any CPU
		{D28C81FE-E346-4A50-B412-EFD9E4874E39}.Release|Any CPU.Build.0 = Release|Any CPU
		{D28C81FE-E346-4A50-B412-EFD9E4874E39}.Release|x64.ActiveCfg = Release|Any CPU
		{D28C81FE-E346-4A50-B412-EFD9E4874E39}.Release|x64.Build.0 = Release|Any CPU
		{D28C81FE-E346-4A50-B412-EFD9E4874E39}.Release|x86.ActiveCfg = Release|Any CPU
		{D28C81FE-E346-4A50-B412-EFD9E4874E39}.Release|x86.Build.0 = Release|Any CPU
		{E3A2B761-EFC1-44C4-9421-50E265E6B4E5}.Debug|Any CPU.ActiveCfg = Debug|Any CPU
		{E3A2B761-EFC1-44C4-9421-50E265E6B4E5}.Debug|Any CPU.Build.0 = Debug|Any CPU
		{E3A2B761-EFC1-44C4-9421-50E265E6B4E5}.Debug|x64.ActiveCfg = Debug|Any CPU
		{E3A2B761-EFC1-44C4-9421-50E265E6B4E5}.Debug|x64.Build.0 = Debug|Any CPU
		{E3A2B761-EFC1-44C4-9421-50E265E6B4E5}.Debug|x86.ActiveCfg = Debug|Any CPU
		{E3A2B761-EFC1-44C4-9421-50E265E6B4E5}.Debug|x86.Build.0 = Debug|Any CPU
		{E3A2B761-EFC1-44C4-9421-50E265E6B4E5}.Release|Any CPU.ActiveCfg = Release|Any CPU
		{E3A2B761-EFC1-44C4-9421-50E265E6B4E5}.Release|Any CPU.Build.0 = Release|Any CPU
		{E3A2B761-EFC1-44C4-9421-50E265E6B4E5}.Release|x64.ActiveCfg = Release|Any CPU
		{E3A2B761-EFC1-44C4-9421-50E265E6B4E5}.Release|x64.Build.0 = Release|Any CPU
		{E3A2B761-EFC1-44C4-9421-50E265E6B4E5}.Release|x86.ActiveCfg = Release|Any CPU
		{E3A2B761-EFC1-44C4-9421-50E265E6B4E5}.Release|x86.Build.0 = Release|Any CPU
		{13B6E102-AC94-4091-935F-813395ACA4A2}.Debug|Any CPU.ActiveCfg = Debug|Any CPU
		{13B6E102-AC94-4091-935F-813395ACA4A2}.Debug|Any CPU.Build.0 = Debug|Any CPU
		{13B6E102-AC94-4091-935F-813395ACA4A2}.Debug|x64.ActiveCfg = Debug|Any CPU
		{13B6E102-AC94-4091-935F-813395ACA4A2}.Debug|x64.Build.0 = Debug|Any CPU
		{13B6E102-AC94-4091-935F-813395ACA4A2}.Debug|x86.ActiveCfg = Debug|Any CPU
		{13B6E102-AC94-4091-935F-813395ACA4A2}.Debug|x86.Build.0 = Debug|Any CPU
		{13B6E102-AC94-4091-935F-813395ACA4A2}.Release|Any CPU.ActiveCfg = Release|Any CPU
		{13B6E102-AC94-4091-935F-813395ACA4A2}.Release|Any CPU.Build.0 = Release|Any CPU
		{13B6E102-AC94-4091-935F-813395ACA4A2}.Release|x64.ActiveCfg = Release|Any CPU
		{13B6E102-AC94-4091-935F-813395ACA4A2}.Release|x64.Build.0 = Release|Any CPU
		{13B6E102-AC94-4091-935F-813395ACA4A2}.Release|x86.ActiveCfg = Release|Any CPU
		{13B6E102-AC94-4091-935F-813395ACA4A2}.Release|x86.Build.0 = Release|Any CPU
	EndGlobalSection
	GlobalSection(SolutionProperties) = preSolution
		HideSolutionNode = FALSE
	EndGlobalSection
	GlobalSection(NestedProjects) = preSolution
		{D28C81FE-E346-4A50-B412-EFD9E4874E39} = {827E0CD3-B72D-47B6-A68D-7590B98EB39B}
		{2DF886D9-F4AF-D247-851D-E96B27719944} = {0C88DD14-F956-CE84-757C-A364CCF449FC}
		{E3A2B761-EFC1-44C4-9421-50E265E6B4E5} = {2DF886D9-F4AF-D247-851D-E96B27719944}
		{A4727044-5B94-F1CA-5B68-DF8E00BB2C25} = {0C88DD14-F956-CE84-757C-A364CCF449FC}
		{13B6E102-AC94-4091-935F-813395ACA4A2} = {A4727044-5B94-F1CA-5B68-DF8E00BB2C25}
	EndGlobalSection
EndGlobal
