
Microsoft Visual Studio Solution File, Format Version 12.00
# Visual Studio Version 17
VisualStudioVersion = 17.0.31903.59
MinimumVisualStudioVersion = 10.0.40219.1
Project("{2150E333-8FDC-42A3-9474-1A3956D46DE8}") = "src", "src", "{A4230CA9-1E07-403F-9556-D01A88C7F219}"
EndProject
Project("{FAE04EC0-301F-11D3-BF4B-00C04F79EFBC}") = "Danom", "src\Danom\Danom.csproj", "{13856824-D877-4357-9187-4CF0CE545C33}"
EndProject
Project("{2150E333-8FDC-42A3-9474-1A3956D46DE8}") = "test", "test", "{0EBC8ACF-34C1-47FB-8F06-413EBC59AC87}"
EndProject
Project("{FAE04EC0-301F-11D3-BF4B-00C04F79EFBC}") = "Danom.Tests", "test\Danom.Tests\Danom.Tests.csproj", "{FD28EA84-DA52-422E-8191-702FAE8CEB3D}"
EndProject
Global
	GlobalSection(SolutionConfigurationPlatforms) = preSolution
		Debug|Any CPU = Debug|Any CPU
		Release|Any CPU = Release|Any CPU
	EndGlobalSection
	GlobalSection(SolutionProperties) = preSolution
		HideSolutionNode = FALSE
	EndGlobalSection
	GlobalSection(ProjectConfigurationPlatforms) = postSolution
		{13856824-D877-4357-9187-4CF0CE545C33}.Debug|Any CPU.ActiveCfg = Debug|Any CPU
		{13856824-D877-4357-9187-4CF0CE545C33}.Debug|Any CPU.Build.0 = Debug|Any CPU
		{13856824-D877-4357-9187-4CF0CE545C33}.Release|Any CPU.ActiveCfg = Release|Any CPU
		{13856824-D877-4357-9187-4CF0CE545C33}.Release|Any CPU.Build.0 = Release|Any CPU
		{FD28EA84-DA52-422E-8191-702FAE8CEB3D}.Debug|Any CPU.ActiveCfg = Debug|Any CPU
		{FD28EA84-DA52-422E-8191-702FAE8CEB3D}.Debug|Any CPU.Build.0 = Debug|Any CPU
		{FD28EA84-DA52-422E-8191-702FAE8CEB3D}.Release|Any CPU.ActiveCfg = Release|Any CPU
		{FD28EA84-DA52-422E-8191-702FAE8CEB3D}.Release|Any CPU.Build.0 = Release|Any CPU
	EndGlobalSection
	GlobalSection(NestedProjects) = preSolution
		{13856824-D877-4357-9187-4CF0CE545C33} = {A4230CA9-1E07-403F-9556-D01A88C7F219}
		{FD28EA84-DA52-422E-8191-702FAE8CEB3D} = {0EBC8ACF-34C1-47FB-8F06-413EBC59AC87}
	EndGlobalSection
EndGlobal
