
Microsoft Visual Studio Solution File, Format Version 12.00
# Visual Studio Version 17
VisualStudioVersion = 17.0.31903.59
MinimumVisualStudioVersion = 10.0.40219.1
Project("{2150E333-8FDC-42A3-9474-1A3956D46DE8}") = "src", "src", "{606C9E49-7696-48B1-A799-B456E680C9F0}"
EndProject
Project("{FAE04EC0-301F-11D3-BF4B-00C04F79EFBC}") = "Danom", "src\Danom\Danom.csproj", "{2E1327A1-9244-49BA-BC31-9CCE3CE2335C}"
EndProject
Project("{2150E333-8FDC-42A3-9474-1A3956D46DE8}") = "test", "test", "{624FD20E-2393-4198-8DC9-AB02DCC12338}"
EndProject
Project("{FAE04EC0-301F-11D3-BF4B-00C04F79EFBC}") = "Danom.Tests", "test\Danom.Tests\Danom.Tests.csproj", "{C364C599-3120-44EF-9D7C-81EF68072FB7}"
EndProject
Project("{FAE04EC0-301F-11D3-BF4B-00C04F79EFBC}") = "Danom.Validation", "src\Danom.Validation\Danom.Validation.csproj", "{6D32D457-228C-46BA-B94A-9FB4206BE460}"
EndProject
Project("{FAE04EC0-301F-11D3-BF4B-00C04F79EFBC}") = "Danom.Validation.Tests", "test\Danom.Validation.Tests\Danom.Validation.Tests.csproj", "{A30031C7-1B82-4DFF-BEE7-31BE90BAC74A}"
EndProject
Project("{FAE04EC0-301F-11D3-BF4B-00C04F79EFBC}") = "Danom.Mvc", "src\Danom.Mvc\Danom.Mvc.csproj", "{C34292FD-E8B7-4214-9844-A653746C1AFF}"
EndProject
Project("{FAE04EC0-301F-11D3-BF4B-00C04F79EFBC}") = "Danom.Mvc.Tests", "test\Danom.Mvc.Tests\Danom.Mvc.Tests.csproj", "{EF188F59-5C11-4BAA-A965-56C08C370C84}"
EndProject
Project("{FAE04EC0-301F-11D3-BF4B-00C04F79EFBC}") = "TestHelpers", "test\TestHelpers\TestHelpers.csproj", "{B78AD031-6E72-4006-A007-ABA49570F17E}"
EndProject
Project("{FAE04EC0-301F-11D3-BF4B-00C04F79EFBC}") = "DanomBenchmark", "benchmark\DanomBenchmark.csproj", "{E198BC9B-74F8-4EF3-8404-910F1F3DCD4C}"
EndProject
Project("{FAE04EC0-301F-11D3-BF4B-00C04F79EFBC}") = "Danom.MinimalApi", "src\Danom.MinimalApi\Danom.MinimalApi.csproj", "{94B63411-6576-44D7-B0B3-CFC4D1B6321E}"
EndProject
Global
	GlobalSection(SolutionConfigurationPlatforms) = preSolution
		Debug|Any CPU = Debug|Any CPU
		Debug|x64 = Debug|x64
		Debug|x86 = Debug|x86
		Release|Any CPU = Release|Any CPU
		Release|x64 = Release|x64
		Release|x86 = Release|x86
	EndGlobalSection
	GlobalSection(ProjectConfigurationPlatforms) = postSolution
		{2E1327A1-9244-49BA-BC31-9CCE3CE2335C}.Debug|Any CPU.ActiveCfg = Debug|Any CPU
		{2E1327A1-9244-49BA-BC31-9CCE3CE2335C}.Debug|Any CPU.Build.0 = Debug|Any CPU
		{2E1327A1-9244-49BA-BC31-9CCE3CE2335C}.Debug|x64.ActiveCfg = Debug|Any CPU
		{2E1327A1-9244-49BA-BC31-9CCE3CE2335C}.Debug|x64.Build.0 = Debug|Any CPU
		{2E1327A1-9244-49BA-BC31-9CCE3CE2335C}.Debug|x86.ActiveCfg = Debug|Any CPU
		{2E1327A1-9244-49BA-BC31-9CCE3CE2335C}.Debug|x86.Build.0 = Debug|Any CPU
		{2E1327A1-9244-49BA-BC31-9CCE3CE2335C}.Release|Any CPU.ActiveCfg = Release|Any CPU
		{2E1327A1-9244-49BA-BC31-9CCE3CE2335C}.Release|Any CPU.Build.0 = Release|Any CPU
		{2E1327A1-9244-49BA-BC31-9CCE3CE2335C}.Release|x64.ActiveCfg = Release|Any CPU
		{2E1327A1-9244-49BA-BC31-9CCE3CE2335C}.Release|x64.Build.0 = Release|Any CPU
		{2E1327A1-9244-49BA-BC31-9CCE3CE2335C}.Release|x86.ActiveCfg = Release|Any CPU
		{2E1327A1-9244-49BA-BC31-9CCE3CE2335C}.Release|x86.Build.0 = Release|Any CPU
		{C364C599-3120-44EF-9D7C-81EF68072FB7}.Debug|Any CPU.ActiveCfg = Debug|Any CPU
		{C364C599-3120-44EF-9D7C-81EF68072FB7}.Debug|Any CPU.Build.0 = Debug|Any CPU
		{C364C599-3120-44EF-9D7C-81EF68072FB7}.Debug|x64.ActiveCfg = Debug|Any CPU
		{C364C599-3120-44EF-9D7C-81EF68072FB7}.Debug|x64.Build.0 = Debug|Any CPU
		{C364C599-3120-44EF-9D7C-81EF68072FB7}.Debug|x86.ActiveCfg = Debug|Any CPU
		{C364C599-3120-44EF-9D7C-81EF68072FB7}.Debug|x86.Build.0 = Debug|Any CPU
		{C364C599-3120-44EF-9D7C-81EF68072FB7}.Release|Any CPU.ActiveCfg = Release|Any CPU
		{C364C599-3120-44EF-9D7C-81EF68072FB7}.Release|Any CPU.Build.0 = Release|Any CPU
		{C364C599-3120-44EF-9D7C-81EF68072FB7}.Release|x64.ActiveCfg = Release|Any CPU
		{C364C599-3120-44EF-9D7C-81EF68072FB7}.Release|x64.Build.0 = Release|Any CPU
		{C364C599-3120-44EF-9D7C-81EF68072FB7}.Release|x86.ActiveCfg = Release|Any CPU
		{C364C599-3120-44EF-9D7C-81EF68072FB7}.Release|x86.Build.0 = Release|Any CPU
		{6D32D457-228C-46BA-B94A-9FB4206BE460}.Debug|Any CPU.ActiveCfg = Debug|Any CPU
		{6D32D457-228C-46BA-B94A-9FB4206BE460}.Debug|Any CPU.Build.0 = Debug|Any CPU
		{6D32D457-228C-46BA-B94A-9FB4206BE460}.Debug|x64.ActiveCfg = Debug|Any CPU
		{6D32D457-228C-46BA-B94A-9FB4206BE460}.Debug|x64.Build.0 = Debug|Any CPU
		{6D32D457-228C-46BA-B94A-9FB4206BE460}.Debug|x86.ActiveCfg = Debug|Any CPU
		{6D32D457-228C-46BA-B94A-9FB4206BE460}.Debug|x86.Build.0 = Debug|Any CPU
		{6D32D457-228C-46BA-B94A-9FB4206BE460}.Release|Any CPU.ActiveCfg = Release|Any CPU
		{6D32D457-228C-46BA-B94A-9FB4206BE460}.Release|Any CPU.Build.0 = Release|Any CPU
		{6D32D457-228C-46BA-B94A-9FB4206BE460}.Release|x64.ActiveCfg = Release|Any CPU
		{6D32D457-228C-46BA-B94A-9FB4206BE460}.Release|x64.Build.0 = Release|Any CPU
		{6D32D457-228C-46BA-B94A-9FB4206BE460}.Release|x86.ActiveCfg = Release|Any CPU
		{6D32D457-228C-46BA-B94A-9FB4206BE460}.Release|x86.Build.0 = Release|Any CPU
		{A30031C7-1B82-4DFF-BEE7-31BE90BAC74A}.Debug|Any CPU.ActiveCfg = Debug|Any CPU
		{A30031C7-1B82-4DFF-BEE7-31BE90BAC74A}.Debug|Any CPU.Build.0 = Debug|Any CPU
		{A30031C7-1B82-4DFF-BEE7-31BE90BAC74A}.Debug|x64.ActiveCfg = Debug|Any CPU
		{A30031C7-1B82-4DFF-BEE7-31BE90BAC74A}.Debug|x64.Build.0 = Debug|Any CPU
		{A30031C7-1B82-4DFF-BEE7-31BE90BAC74A}.Debug|x86.ActiveCfg = Debug|Any CPU
		{A30031C7-1B82-4DFF-BEE7-31BE90BAC74A}.Debug|x86.Build.0 = Debug|Any CPU
		{A30031C7-1B82-4DFF-BEE7-31BE90BAC74A}.Release|Any CPU.ActiveCfg = Release|Any CPU
		{A30031C7-1B82-4DFF-BEE7-31BE90BAC74A}.Release|Any CPU.Build.0 = Release|Any CPU
		{A30031C7-1B82-4DFF-BEE7-31BE90BAC74A}.Release|x64.ActiveCfg = Release|Any CPU
		{A30031C7-1B82-4DFF-BEE7-31BE90BAC74A}.Release|x64.Build.0 = Release|Any CPU
		{A30031C7-1B82-4DFF-BEE7-31BE90BAC74A}.Release|x86.ActiveCfg = Release|Any CPU
		{A30031C7-1B82-4DFF-BEE7-31BE90BAC74A}.Release|x86.Build.0 = Release|Any CPU
		{C34292FD-E8B7-4214-9844-A653746C1AFF}.Debug|Any CPU.ActiveCfg = Debug|Any CPU
		{C34292FD-E8B7-4214-9844-A653746C1AFF}.Debug|Any CPU.Build.0 = Debug|Any CPU
		{C34292FD-E8B7-4214-9844-A653746C1AFF}.Debug|x64.ActiveCfg = Debug|Any CPU
		{C34292FD-E8B7-4214-9844-A653746C1AFF}.Debug|x64.Build.0 = Debug|Any CPU
		{C34292FD-E8B7-4214-9844-A653746C1AFF}.Debug|x86.ActiveCfg = Debug|Any CPU
		{C34292FD-E8B7-4214-9844-A653746C1AFF}.Debug|x86.Build.0 = Debug|Any CPU
		{C34292FD-E8B7-4214-9844-A653746C1AFF}.Release|Any CPU.ActiveCfg = Release|Any CPU
		{C34292FD-E8B7-4214-9844-A653746C1AFF}.Release|Any CPU.Build.0 = Release|Any CPU
		{C34292FD-E8B7-4214-9844-A653746C1AFF}.Release|x64.ActiveCfg = Release|Any CPU
		{C34292FD-E8B7-4214-9844-A653746C1AFF}.Release|x64.Build.0 = Release|Any CPU
		{C34292FD-E8B7-4214-9844-A653746C1AFF}.Release|x86.ActiveCfg = Release|Any CPU
		{C34292FD-E8B7-4214-9844-A653746C1AFF}.Release|x86.Build.0 = Release|Any CPU
		{EF188F59-5C11-4BAA-A965-56C08C370C84}.Debug|Any CPU.ActiveCfg = Debug|Any CPU
		{EF188F59-5C11-4BAA-A965-56C08C370C84}.Debug|Any CPU.Build.0 = Debug|Any CPU
		{EF188F59-5C11-4BAA-A965-56C08C370C84}.Debug|x64.ActiveCfg = Debug|Any CPU
		{EF188F59-5C11-4BAA-A965-56C08C370C84}.Debug|x64.Build.0 = Debug|Any CPU
		{EF188F59-5C11-4BAA-A965-56C08C370C84}.Debug|x86.ActiveCfg = Debug|Any CPU
		{EF188F59-5C11-4BAA-A965-56C08C370C84}.Debug|x86.Build.0 = Debug|Any CPU
		{EF188F59-5C11-4BAA-A965-56C08C370C84}.Release|Any CPU.ActiveCfg = Release|Any CPU
		{EF188F59-5C11-4BAA-A965-56C08C370C84}.Release|Any CPU.Build.0 = Release|Any CPU
		{EF188F59-5C11-4BAA-A965-56C08C370C84}.Release|x64.ActiveCfg = Release|Any CPU
		{EF188F59-5C11-4BAA-A965-56C08C370C84}.Release|x64.Build.0 = Release|Any CPU
		{EF188F59-5C11-4BAA-A965-56C08C370C84}.Release|x86.ActiveCfg = Release|Any CPU
		{EF188F59-5C11-4BAA-A965-56C08C370C84}.Release|x86.Build.0 = Release|Any CPU
		{B78AD031-6E72-4006-A007-ABA49570F17E}.Debug|Any CPU.ActiveCfg = Debug|Any CPU
		{B78AD031-6E72-4006-A007-ABA49570F17E}.Debug|Any CPU.Build.0 = Debug|Any CPU
		{B78AD031-6E72-4006-A007-ABA49570F17E}.Debug|x64.ActiveCfg = Debug|Any CPU
		{B78AD031-6E72-4006-A007-ABA49570F17E}.Debug|x64.Build.0 = Debug|Any CPU
		{B78AD031-6E72-4006-A007-ABA49570F17E}.Debug|x86.ActiveCfg = Debug|Any CPU
		{B78AD031-6E72-4006-A007-ABA49570F17E}.Debug|x86.Build.0 = Debug|Any CPU
		{B78AD031-6E72-4006-A007-ABA49570F17E}.Release|Any CPU.ActiveCfg = Release|Any CPU
		{B78AD031-6E72-4006-A007-ABA49570F17E}.Release|Any CPU.Build.0 = Release|Any CPU
		{B78AD031-6E72-4006-A007-ABA49570F17E}.Release|x64.ActiveCfg = Release|Any CPU
		{B78AD031-6E72-4006-A007-ABA49570F17E}.Release|x64.Build.0 = Release|Any CPU
		{B78AD031-6E72-4006-A007-ABA49570F17E}.Release|x86.ActiveCfg = Release|Any CPU
		{B78AD031-6E72-4006-A007-ABA49570F17E}.Release|x86.Build.0 = Release|Any CPU
		{E198BC9B-74F8-4EF3-8404-910F1F3DCD4C}.Debug|Any CPU.ActiveCfg = Debug|Any CPU
		{E198BC9B-74F8-4EF3-8404-910F1F3DCD4C}.Debug|Any CPU.Build.0 = Debug|Any CPU
		{E198BC9B-74F8-4EF3-8404-910F1F3DCD4C}.Debug|x64.ActiveCfg = Debug|Any CPU
		{E198BC9B-74F8-4EF3-8404-910F1F3DCD4C}.Debug|x64.Build.0 = Debug|Any CPU
		{E198BC9B-74F8-4EF3-8404-910F1F3DCD4C}.Debug|x86.ActiveCfg = Debug|Any CPU
		{E198BC9B-74F8-4EF3-8404-910F1F3DCD4C}.Debug|x86.Build.0 = Debug|Any CPU
		{E198BC9B-74F8-4EF3-8404-910F1F3DCD4C}.Release|Any CPU.ActiveCfg = Release|Any CPU
		{E198BC9B-74F8-4EF3-8404-910F1F3DCD4C}.Release|Any CPU.Build.0 = Release|Any CPU
		{E198BC9B-74F8-4EF3-8404-910F1F3DCD4C}.Release|x64.ActiveCfg = Release|Any CPU
		{E198BC9B-74F8-4EF3-8404-910F1F3DCD4C}.Release|x64.Build.0 = Release|Any CPU
		{E198BC9B-74F8-4EF3-8404-910F1F3DCD4C}.Release|x86.ActiveCfg = Release|Any CPU
		{E198BC9B-74F8-4EF3-8404-910F1F3DCD4C}.Release|x86.Build.0 = Release|Any CPU
		{94B63411-6576-44D7-B0B3-CFC4D1B6321E}.Debug|Any CPU.ActiveCfg = Debug|Any CPU
		{94B63411-6576-44D7-B0B3-CFC4D1B6321E}.Debug|Any CPU.Build.0 = Debug|Any CPU
		{94B63411-6576-44D7-B0B3-CFC4D1B6321E}.Debug|x64.ActiveCfg = Debug|Any CPU
		{94B63411-6576-44D7-B0B3-CFC4D1B6321E}.Debug|x64.Build.0 = Debug|Any CPU
		{94B63411-6576-44D7-B0B3-CFC4D1B6321E}.Debug|x86.ActiveCfg = Debug|Any CPU
		{94B63411-6576-44D7-B0B3-CFC4D1B6321E}.Debug|x86.Build.0 = Debug|Any CPU
		{94B63411-6576-44D7-B0B3-CFC4D1B6321E}.Release|Any CPU.ActiveCfg = Release|Any CPU
		{94B63411-6576-44D7-B0B3-CFC4D1B6321E}.Release|Any CPU.Build.0 = Release|Any CPU
		{94B63411-6576-44D7-B0B3-CFC4D1B6321E}.Release|x64.ActiveCfg = Release|Any CPU
		{94B63411-6576-44D7-B0B3-CFC4D1B6321E}.Release|x64.Build.0 = Release|Any CPU
		{94B63411-6576-44D7-B0B3-CFC4D1B6321E}.Release|x86.ActiveCfg = Release|Any CPU
		{94B63411-6576-44D7-B0B3-CFC4D1B6321E}.Release|x86.Build.0 = Release|Any CPU
	EndGlobalSection
	GlobalSection(SolutionProperties) = preSolution
		HideSolutionNode = FALSE
	EndGlobalSection
	GlobalSection(NestedProjects) = preSolution
		{2E1327A1-9244-49BA-BC31-9CCE3CE2335C} = {606C9E49-7696-48B1-A799-B456E680C9F0}
		{C364C599-3120-44EF-9D7C-81EF68072FB7} = {624FD20E-2393-4198-8DC9-AB02DCC12338}
		{6D32D457-228C-46BA-B94A-9FB4206BE460} = {606C9E49-7696-48B1-A799-B456E680C9F0}
		{A30031C7-1B82-4DFF-BEE7-31BE90BAC74A} = {624FD20E-2393-4198-8DC9-AB02DCC12338}
		{C34292FD-E8B7-4214-9844-A653746C1AFF} = {606C9E49-7696-48B1-A799-B456E680C9F0}
		{EF188F59-5C11-4BAA-A965-56C08C370C84} = {624FD20E-2393-4198-8DC9-AB02DCC12338}
		{B78AD031-6E72-4006-A007-ABA49570F17E} = {624FD20E-2393-4198-8DC9-AB02DCC12338}
		{94B63411-6576-44D7-B0B3-CFC4D1B6321E} = {606C9E49-7696-48B1-A799-B456E680C9F0}
	EndGlobalSection
EndGlobal
