
Microsoft Visual Studio Solution File, Format Version 12.00
# Visual Studio Version 17
VisualStudioVersion = 17.0.31903.59
MinimumVisualStudioVersion = 10.0.40219.1
Project("{2150E333-8FDC-42A3-9474-1A3956D46DE8}") = "src", "src", "{472F0293-C0A7-074E-1FFC-E614DA5FADA1}"
EndProject
Project("{2150E333-8FDC-42A3-9474-1A3956D46DE8}") = "Danom", "Danom", "{12DC9F4C-DE5D-8993-183D-908FA1F8BCFC}"
EndProject
Project("{2150E333-8FDC-42A3-9474-1A3956D46DE8}") = "src", "src", "{1C57A7CA-844B-E72E-1309-48868A9AF99D}"
EndProject
Project("{FAE04EC0-301F-11D3-BF4B-00C04F79EFBC}") = "Danom", "src\Danom\src\Danom.csproj", "{9103A9A0-F0D7-41AC-BAA7-115E15D51E93}"
EndProject
Project("{2150E333-8FDC-42A3-9474-1A3956D46DE8}") = "test", "test", "{3AFD7E83-E99E-F32D-9E53-03E7870B52C2}"
EndProject
Project("{FAE04EC0-301F-11D3-BF4B-00C04F79EFBC}") = "Danom.Tests", "src\Danom\test\Danom.Tests.csproj", "{E0A6CAFA-5C90-448C-852C-33B1A0541EEB}"
EndProject
Project("{2150E333-8FDC-42A3-9474-1A3956D46DE8}") = "Danom.MinimalApi", "Danom.MinimalApi", "{D6C03C11-F3F2-B01E-E981-5CE6B30DD953}"
EndProject
Project("{2150E333-8FDC-42A3-9474-1A3956D46DE8}") = "src", "src", "{9053A2DC-D66D-5A36-B76D-D41E806E310B}"
EndProject
Project("{FAE04EC0-301F-11D3-BF4B-00C04F79EFBC}") = "Danom.MinimalApi", "src\Danom.MinimalApi\src\Danom.MinimalApi.csproj", "{3AF3478E-C2D7-4565-86EE-435E751577C0}"
EndProject
Project("{2150E333-8FDC-42A3-9474-1A3956D46DE8}") = "test", "test", "{1D877708-EBDE-B3A9-DBA3-6A796A82D648}"
EndProject
Project("{FAE04EC0-301F-11D3-BF4B-00C04F79EFBC}") = "Danom.MinimalApi.Tests", "src\Danom.MinimalApi\test\Danom.MinimalApi.Tests.csproj", "{CC5319C9-3FEF-492E-AC2B-A8536856074B}"
EndProject
Project("{2150E333-8FDC-42A3-9474-1A3956D46DE8}") = "Danom.Mvc", "Danom.Mvc", "{94CD7A3E-F133-8DA7-15C1-13ABA98A9F10}"
EndProject
Project("{2150E333-8FDC-42A3-9474-1A3956D46DE8}") = "src", "src", "{EFC4C9EA-C98E-10EA-760D-1852CB9FFDF9}"
EndProject
Project("{FAE04EC0-301F-11D3-BF4B-00C04F79EFBC}") = "Danom.Mvc", "src\Danom.Mvc\src\Danom.Mvc.csproj", "{615B42D2-DF6C-430F-8CCE-B5C927E1FEFB}"
EndProject
Project("{2150E333-8FDC-42A3-9474-1A3956D46DE8}") = "test", "test", "{48B0E335-7DB9-F242-3516-05921A0BEB09}"
EndProject
Project("{FAE04EC0-301F-11D3-BF4B-00C04F79EFBC}") = "Danom.Mvc.Tests", "src\Danom.Mvc\test\Danom.Mvc.Tests.csproj", "{41BC4300-8369-46EE-B9CA-43BC0F4045EA}"
EndProject
Project("{2150E333-8FDC-42A3-9474-1A3956D46DE8}") = "Danom.Validation", "Danom.Validation", "{A8D0806D-8E1D-D0A3-48BA-C43792C58A69}"
EndProject
Project("{2150E333-8FDC-42A3-9474-1A3956D46DE8}") = "src", "src", "{711420E6-E5E7-F467-1E3D-4905E758463F}"
EndProject
Project("{FAE04EC0-301F-11D3-BF4B-00C04F79EFBC}") = "Danom.Validation", "src\Danom.Validation\src\Danom.Validation.csproj", "{F9FC1333-0B49-4CCD-A79D-2B8A0AD7EFC6}"
EndProject
Project("{2150E333-8FDC-42A3-9474-1A3956D46DE8}") = "test", "test", "{7B4EC158-5B3C-FAE1-28B3-E1408949DDB4}"
EndProject
Project("{FAE04EC0-301F-11D3-BF4B-00C04F79EFBC}") = "Danom.Validation.Tests", "src\Danom.Validation\test\Danom.Validation.Tests.csproj", "{1C58E554-193B-4AFA-967C-4E9BC3BFF661}"
EndProject
Global
	GlobalSection(SolutionConfigurationPlatforms) = preSolution
		Debug|Any CPU = Debug|Any CPU
		Debug|x64 = Debug|x64
		Debug|x86 = Debug|x86
		Release|Any CPU = Release|Any CPU
		Release|x64 = Release|x64
		Release|x86 = Release|x86
	EndGlobalSection
	GlobalSection(ProjectConfigurationPlatforms) = postSolution
		{9103A9A0-F0D7-41AC-BAA7-115E15D51E93}.Debug|Any CPU.ActiveCfg = Debug|Any CPU
		{9103A9A0-F0D7-41AC-BAA7-115E15D51E93}.Debug|Any CPU.Build.0 = Debug|Any CPU
		{9103A9A0-F0D7-41AC-BAA7-115E15D51E93}.Debug|x64.ActiveCfg = Debug|Any CPU
		{9103A9A0-F0D7-41AC-BAA7-115E15D51E93}.Debug|x64.Build.0 = Debug|Any CPU
		{9103A9A0-F0D7-41AC-BAA7-115E15D51E93}.Debug|x86.ActiveCfg = Debug|Any CPU
		{9103A9A0-F0D7-41AC-BAA7-115E15D51E93}.Debug|x86.Build.0 = Debug|Any CPU
		{9103A9A0-F0D7-41AC-BAA7-115E15D51E93}.Release|Any CPU.ActiveCfg = Release|Any CPU
		{9103A9A0-F0D7-41AC-BAA7-115E15D51E93}.Release|Any CPU.Build.0 = Release|Any CPU
		{9103A9A0-F0D7-41AC-BAA7-115E15D51E93}.Release|x64.ActiveCfg = Release|Any CPU
		{9103A9A0-F0D7-41AC-BAA7-115E15D51E93}.Release|x64.Build.0 = Release|Any CPU
		{9103A9A0-F0D7-41AC-BAA7-115E15D51E93}.Release|x86.ActiveCfg = Release|Any CPU
		{9103A9A0-F0D7-41AC-BAA7-115E15D51E93}.Release|x86.Build.0 = Release|Any CPU
		{E0A6CAFA-5C90-448C-852C-33B1A0541EEB}.Debug|Any CPU.ActiveCfg = Debug|Any CPU
		{E0A6CAFA-5C90-448C-852C-33B1A0541EEB}.Debug|Any CPU.Build.0 = Debug|Any CPU
		{E0A6CAFA-5C90-448C-852C-33B1A0541EEB}.Debug|x64.ActiveCfg = Debug|Any CPU
		{E0A6CAFA-5C90-448C-852C-33B1A0541EEB}.Debug|x64.Build.0 = Debug|Any CPU
		{E0A6CAFA-5C90-448C-852C-33B1A0541EEB}.Debug|x86.ActiveCfg = Debug|Any CPU
		{E0A6CAFA-5C90-448C-852C-33B1A0541EEB}.Debug|x86.Build.0 = Debug|Any CPU
		{E0A6CAFA-5C90-448C-852C-33B1A0541EEB}.Release|Any CPU.ActiveCfg = Release|Any CPU
		{E0A6CAFA-5C90-448C-852C-33B1A0541EEB}.Release|Any CPU.Build.0 = Release|Any CPU
		{E0A6CAFA-5C90-448C-852C-33B1A0541EEB}.Release|x64.ActiveCfg = Release|Any CPU
		{E0A6CAFA-5C90-448C-852C-33B1A0541EEB}.Release|x64.Build.0 = Release|Any CPU
		{E0A6CAFA-5C90-448C-852C-33B1A0541EEB}.Release|x86.ActiveCfg = Release|Any CPU
		{E0A6CAFA-5C90-448C-852C-33B1A0541EEB}.Release|x86.Build.0 = Release|Any CPU
		{3AF3478E-C2D7-4565-86EE-435E751577C0}.Debug|Any CPU.ActiveCfg = Debug|Any CPU
		{3AF3478E-C2D7-4565-86EE-435E751577C0}.Debug|Any CPU.Build.0 = Debug|Any CPU
		{3AF3478E-C2D7-4565-86EE-435E751577C0}.Debug|x64.ActiveCfg = Debug|Any CPU
		{3AF3478E-C2D7-4565-86EE-435E751577C0}.Debug|x64.Build.0 = Debug|Any CPU
		{3AF3478E-C2D7-4565-86EE-435E751577C0}.Debug|x86.ActiveCfg = Debug|Any CPU
		{3AF3478E-C2D7-4565-86EE-435E751577C0}.Debug|x86.Build.0 = Debug|Any CPU
		{3AF3478E-C2D7-4565-86EE-435E751577C0}.Release|Any CPU.ActiveCfg = Release|Any CPU
		{3AF3478E-C2D7-4565-86EE-435E751577C0}.Release|Any CPU.Build.0 = Release|Any CPU
		{3AF3478E-C2D7-4565-86EE-435E751577C0}.Release|x64.ActiveCfg = Release|Any CPU
		{3AF3478E-C2D7-4565-86EE-435E751577C0}.Release|x64.Build.0 = Release|Any CPU
		{3AF3478E-C2D7-4565-86EE-435E751577C0}.Release|x86.ActiveCfg = Release|Any CPU
		{3AF3478E-C2D7-4565-86EE-435E751577C0}.Release|x86.Build.0 = Release|Any CPU
		{CC5319C9-3FEF-492E-AC2B-A8536856074B}.Debug|Any CPU.ActiveCfg = Debug|Any CPU
		{CC5319C9-3FEF-492E-AC2B-A8536856074B}.Debug|Any CPU.Build.0 = Debug|Any CPU
		{CC5319C9-3FEF-492E-AC2B-A8536856074B}.Debug|x64.ActiveCfg = Debug|Any CPU
		{CC5319C9-3FEF-492E-AC2B-A8536856074B}.Debug|x64.Build.0 = Debug|Any CPU
		{CC5319C9-3FEF-492E-AC2B-A8536856074B}.Debug|x86.ActiveCfg = Debug|Any CPU
		{CC5319C9-3FEF-492E-AC2B-A8536856074B}.Debug|x86.Build.0 = Debug|Any CPU
		{CC5319C9-3FEF-492E-AC2B-A8536856074B}.Release|Any CPU.ActiveCfg = Release|Any CPU
		{CC5319C9-3FEF-492E-AC2B-A8536856074B}.Release|Any CPU.Build.0 = Release|Any CPU
		{CC5319C9-3FEF-492E-AC2B-A8536856074B}.Release|x64.ActiveCfg = Release|Any CPU
		{CC5319C9-3FEF-492E-AC2B-A8536856074B}.Release|x64.Build.0 = Release|Any CPU
		{CC5319C9-3FEF-492E-AC2B-A8536856074B}.Release|x86.ActiveCfg = Release|Any CPU
		{CC5319C9-3FEF-492E-AC2B-A8536856074B}.Release|x86.Build.0 = Release|Any CPU
		{615B42D2-DF6C-430F-8CCE-B5C927E1FEFB}.Debug|Any CPU.ActiveCfg = Debug|Any CPU
		{615B42D2-DF6C-430F-8CCE-B5C927E1FEFB}.Debug|Any CPU.Build.0 = Debug|Any CPU
		{615B42D2-DF6C-430F-8CCE-B5C927E1FEFB}.Debug|x64.ActiveCfg = Debug|Any CPU
		{615B42D2-DF6C-430F-8CCE-B5C927E1FEFB}.Debug|x64.Build.0 = Debug|Any CPU
		{615B42D2-DF6C-430F-8CCE-B5C927E1FEFB}.Debug|x86.ActiveCfg = Debug|Any CPU
		{615B42D2-DF6C-430F-8CCE-B5C927E1FEFB}.Debug|x86.Build.0 = Debug|Any CPU
		{615B42D2-DF6C-430F-8CCE-B5C927E1FEFB}.Release|Any CPU.ActiveCfg = Release|Any CPU
		{615B42D2-DF6C-430F-8CCE-B5C927E1FEFB}.Release|Any CPU.Build.0 = Release|Any CPU
		{615B42D2-DF6C-430F-8CCE-B5C927E1FEFB}.Release|x64.ActiveCfg = Release|Any CPU
		{615B42D2-DF6C-430F-8CCE-B5C927E1FEFB}.Release|x64.Build.0 = Release|Any CPU
		{615B42D2-DF6C-430F-8CCE-B5C927E1FEFB}.Release|x86.ActiveCfg = Release|Any CPU
		{615B42D2-DF6C-430F-8CCE-B5C927E1FEFB}.Release|x86.Build.0 = Release|Any CPU
		{41BC4300-8369-46EE-B9CA-43BC0F4045EA}.Debug|Any CPU.ActiveCfg = Debug|Any CPU
		{41BC4300-8369-46EE-B9CA-43BC0F4045EA}.Debug|Any CPU.Build.0 = Debug|Any CPU
		{41BC4300-8369-46EE-B9CA-43BC0F4045EA}.Debug|x64.ActiveCfg = Debug|Any CPU
		{41BC4300-8369-46EE-B9CA-43BC0F4045EA}.Debug|x64.Build.0 = Debug|Any CPU
		{41BC4300-8369-46EE-B9CA-43BC0F4045EA}.Debug|x86.ActiveCfg = Debug|Any CPU
		{41BC4300-8369-46EE-B9CA-43BC0F4045EA}.Debug|x86.Build.0 = Debug|Any CPU
		{41BC4300-8369-46EE-B9CA-43BC0F4045EA}.Release|Any CPU.ActiveCfg = Release|Any CPU
		{41BC4300-8369-46EE-B9CA-43BC0F4045EA}.Release|Any CPU.Build.0 = Release|Any CPU
		{41BC4300-8369-46EE-B9CA-43BC0F4045EA}.Release|x64.ActiveCfg = Release|Any CPU
		{41BC4300-8369-46EE-B9CA-43BC0F4045EA}.Release|x64.Build.0 = Release|Any CPU
		{41BC4300-8369-46EE-B9CA-43BC0F4045EA}.Release|x86.ActiveCfg = Release|Any CPU
		{41BC4300-8369-46EE-B9CA-43BC0F4045EA}.Release|x86.Build.0 = Release|Any CPU
		{F9FC1333-0B49-4CCD-A79D-2B8A0AD7EFC6}.Debug|Any CPU.ActiveCfg = Debug|Any CPU
		{F9FC1333-0B49-4CCD-A79D-2B8A0AD7EFC6}.Debug|Any CPU.Build.0 = Debug|Any CPU
		{F9FC1333-0B49-4CCD-A79D-2B8A0AD7EFC6}.Debug|x64.ActiveCfg = Debug|Any CPU
		{F9FC1333-0B49-4CCD-A79D-2B8A0AD7EFC6}.Debug|x64.Build.0 = Debug|Any CPU
		{F9FC1333-0B49-4CCD-A79D-2B8A0AD7EFC6}.Debug|x86.ActiveCfg = Debug|Any CPU
		{F9FC1333-0B49-4CCD-A79D-2B8A0AD7EFC6}.Debug|x86.Build.0 = Debug|Any CPU
		{F9FC1333-0B49-4CCD-A79D-2B8A0AD7EFC6}.Release|Any CPU.ActiveCfg = Release|Any CPU
		{F9FC1333-0B49-4CCD-A79D-2B8A0AD7EFC6}.Release|Any CPU.Build.0 = Release|Any CPU
		{F9FC1333-0B49-4CCD-A79D-2B8A0AD7EFC6}.Release|x64.ActiveCfg = Release|Any CPU
		{F9FC1333-0B49-4CCD-A79D-2B8A0AD7EFC6}.Release|x64.Build.0 = Release|Any CPU
		{F9FC1333-0B49-4CCD-A79D-2B8A0AD7EFC6}.Release|x86.ActiveCfg = Release|Any CPU
		{F9FC1333-0B49-4CCD-A79D-2B8A0AD7EFC6}.Release|x86.Build.0 = Release|Any CPU
		{1C58E554-193B-4AFA-967C-4E9BC3BFF661}.Debug|Any CPU.ActiveCfg = Debug|Any CPU
		{1C58E554-193B-4AFA-967C-4E9BC3BFF661}.Debug|Any CPU.Build.0 = Debug|Any CPU
		{1C58E554-193B-4AFA-967C-4E9BC3BFF661}.Debug|x64.ActiveCfg = Debug|Any CPU
		{1C58E554-193B-4AFA-967C-4E9BC3BFF661}.Debug|x64.Build.0 = Debug|Any CPU
		{1C58E554-193B-4AFA-967C-4E9BC3BFF661}.Debug|x86.ActiveCfg = Debug|Any CPU
		{1C58E554-193B-4AFA-967C-4E9BC3BFF661}.Debug|x86.Build.0 = Debug|Any CPU
		{1C58E554-193B-4AFA-967C-4E9BC3BFF661}.Release|Any CPU.ActiveCfg = Release|Any CPU
		{1C58E554-193B-4AFA-967C-4E9BC3BFF661}.Release|Any CPU.Build.0 = Release|Any CPU
		{1C58E554-193B-4AFA-967C-4E9BC3BFF661}.Release|x64.ActiveCfg = Release|Any CPU
		{1C58E554-193B-4AFA-967C-4E9BC3BFF661}.Release|x64.Build.0 = Release|Any CPU
		{1C58E554-193B-4AFA-967C-4E9BC3BFF661}.Release|x86.ActiveCfg = Release|Any CPU
		{1C58E554-193B-4AFA-967C-4E9BC3BFF661}.Release|x86.Build.0 = Release|Any CPU
	EndGlobalSection
	GlobalSection(SolutionProperties) = preSolution
		HideSolutionNode = FALSE
	EndGlobalSection
	GlobalSection(NestedProjects) = preSolution
		{12DC9F4C-DE5D-8993-183D-908FA1F8BCFC} = {472F0293-C0A7-074E-1FFC-E614DA5FADA1}
		{1C57A7CA-844B-E72E-1309-48868A9AF99D} = {12DC9F4C-DE5D-8993-183D-908FA1F8BCFC}
		{9103A9A0-F0D7-41AC-BAA7-115E15D51E93} = {1C57A7CA-844B-E72E-1309-48868A9AF99D}
		{3AFD7E83-E99E-F32D-9E53-03E7870B52C2} = {12DC9F4C-DE5D-8993-183D-908FA1F8BCFC}
		{E0A6CAFA-5C90-448C-852C-33B1A0541EEB} = {3AFD7E83-E99E-F32D-9E53-03E7870B52C2}
		{D6C03C11-F3F2-B01E-E981-5CE6B30DD953} = {472F0293-C0A7-074E-1FFC-E614DA5FADA1}
		{9053A2DC-D66D-5A36-B76D-D41E806E310B} = {D6C03C11-F3F2-B01E-E981-5CE6B30DD953}
		{3AF3478E-C2D7-4565-86EE-435E751577C0} = {9053A2DC-D66D-5A36-B76D-D41E806E310B}
		{1D877708-EBDE-B3A9-DBA3-6A796A82D648} = {D6C03C11-F3F2-B01E-E981-5CE6B30DD953}
		{CC5319C9-3FEF-492E-AC2B-A8536856074B} = {1D877708-EBDE-B3A9-DBA3-6A796A82D648}
		{94CD7A3E-F133-8DA7-15C1-13ABA98A9F10} = {472F0293-C0A7-074E-1FFC-E614DA5FADA1}
		{EFC4C9EA-C98E-10EA-760D-1852CB9FFDF9} = {94CD7A3E-F133-8DA7-15C1-13ABA98A9F10}
		{615B42D2-DF6C-430F-8CCE-B5C927E1FEFB} = {EFC4C9EA-C98E-10EA-760D-1852CB9FFDF9}
		{48B0E335-7DB9-F242-3516-05921A0BEB09} = {94CD7A3E-F133-8DA7-15C1-13ABA98A9F10}
		{41BC4300-8369-46EE-B9CA-43BC0F4045EA} = {48B0E335-7DB9-F242-3516-05921A0BEB09}
		{A8D0806D-8E1D-D0A3-48BA-C43792C58A69} = {472F0293-C0A7-074E-1FFC-E614DA5FADA1}
		{711420E6-E5E7-F467-1E3D-4905E758463F} = {A8D0806D-8E1D-D0A3-48BA-C43792C58A69}
		{F9FC1333-0B49-4CCD-A79D-2B8A0AD7EFC6} = {711420E6-E5E7-F467-1E3D-4905E758463F}
		{7B4EC158-5B3C-FAE1-28B3-E1408949DDB4} = {A8D0806D-8E1D-D0A3-48BA-C43792C58A69}
		{1C58E554-193B-4AFA-967C-4E9BC3BFF661} = {7B4EC158-5B3C-FAE1-28B3-E1408949DDB4}
	EndGlobalSection
EndGlobal
