
Microsoft Visual Studio Solution File, Format Version 12.00
# Visual Studio Version 17
VisualStudioVersion = 17.0.31903.59
MinimumVisualStudioVersion = 10.0.40219.1
Project("{2150E333-8FDC-42A3-9474-1A3956D46DE8}") = "src", "src", "{827E0CD3-B72D-47B6-A68D-7590B98EB39B}"
EndProject
Project("{FAE04EC0-301F-11D3-BF4B-00C04F79EFBC}") = "Danom.Mvc", "src\Danom.Mvc.csproj", "{E2FD7C7E-B673-4157-8A1D-5FECC5492C83}"
EndProject
Project("{2150E333-8FDC-42A3-9474-1A3956D46DE8}") = "test", "test", "{0C88DD14-F956-CE84-757C-A364CCF449FC}"
EndProject
Project("{FAE04EC0-301F-11D3-BF4B-00C04F79EFBC}") = "Danom.Mvc.Tests", "test\Danom.Mvc.Tests.csproj", "{4515CFAC-BB44-4CA3-BC09-6F2658DF41D8}"
EndProject
Global
	GlobalSection(SolutionConfigurationPlatforms) = preSolution
		Debug|Any CPU = Debug|Any CPU
		Debug|x64 = Debug|x64
		Debug|x86 = Debug|x86
		Release|Any CPU = Release|Any CPU
		Release|x64 = Release|x64
		Release|x86 = Release|x86
	EndGlobalSection
	GlobalSection(ProjectConfigurationPlatforms) = postSolution
		{E2FD7C7E-B673-4157-8A1D-5FECC5492C83}.Debug|Any CPU.ActiveCfg = Debug|Any CPU
		{E2FD7C7E-B673-4157-8A1D-5FECC5492C83}.Debug|Any CPU.Build.0 = Debug|Any CPU
		{E2FD7C7E-B673-4157-8A1D-5FECC5492C83}.Debug|x64.ActiveCfg = Debug|Any CPU
		{E2FD7C7E-B673-4157-8A1D-5FECC5492C83}.Debug|x64.Build.0 = Debug|Any CPU
		{E2FD7C7E-B673-4157-8A1D-5FECC5492C83}.Debug|x86.ActiveCfg = Debug|Any CPU
		{E2FD7C7E-B673-4157-8A1D-5FECC5492C83}.Debug|x86.Build.0 = Debug|Any CPU
		{E2FD7C7E-B673-4157-8A1D-5FECC5492C83}.Release|Any CPU.ActiveCfg = Release|Any CPU
		{E2FD7C7E-B673-4157-8A1D-5FECC5492C83}.Release|Any CPU.Build.0 = Release|Any CPU
		{E2FD7C7E-B673-4157-8A1D-5FECC5492C83}.Release|x64.ActiveCfg = Release|Any CPU
		{E2FD7C7E-B673-4157-8A1D-5FECC5492C83}.Release|x64.Build.0 = Release|Any CPU
		{E2FD7C7E-B673-4157-8A1D-5FECC5492C83}.Release|x86.ActiveCfg = Release|Any CPU
		{E2FD7C7E-B673-4157-8A1D-5FECC5492C83}.Release|x86.Build.0 = Release|Any CPU
		{4515CFAC-BB44-4CA3-BC09-6F2658DF41D8}.Debug|Any CPU.ActiveCfg = Debug|Any CPU
		{4515CFAC-BB44-4CA3-BC09-6F2658DF41D8}.Debug|Any CPU.Build.0 = Debug|Any CPU
		{4515CFAC-BB44-4CA3-BC09-6F2658DF41D8}.Debug|x64.ActiveCfg = Debug|Any CPU
		{4515CFAC-BB44-4CA3-BC09-6F2658DF41D8}.Debug|x64.Build.0 = Debug|Any CPU
		{4515CFAC-BB44-4CA3-BC09-6F2658DF41D8}.Debug|x86.ActiveCfg = Debug|Any CPU
		{4515CFAC-BB44-4CA3-BC09-6F2658DF41D8}.Debug|x86.Build.0 = Debug|Any CPU
		{4515CFAC-BB44-4CA3-BC09-6F2658DF41D8}.Release|Any CPU.ActiveCfg = Release|Any CPU
		{4515CFAC-BB44-4CA3-BC09-6F2658DF41D8}.Release|Any CPU.Build.0 = Release|Any CPU
		{4515CFAC-BB44-4CA3-BC09-6F2658DF41D8}.Release|x64.ActiveCfg = Release|Any CPU
		{4515CFAC-BB44-4CA3-BC09-6F2658DF41D8}.Release|x64.Build.0 = Release|Any CPU
		{4515CFAC-BB44-4CA3-BC09-6F2658DF41D8}.Release|x86.ActiveCfg = Release|Any CPU
		{4515CFAC-BB44-4CA3-BC09-6F2658DF41D8}.Release|x86.Build.0 = Release|Any CPU
	EndGlobalSection
	GlobalSection(SolutionProperties) = preSolution
		HideSolutionNode = FALSE
	EndGlobalSection
	GlobalSection(NestedProjects) = preSolution
		{E2FD7C7E-B673-4157-8A1D-5FECC5492C83} = {827E0CD3-B72D-47B6-A68D-7590B98EB39B}
		{4515CFAC-BB44-4CA3-BC09-6F2658DF41D8} = {0C88DD14-F956-CE84-757C-A364CCF449FC}
	EndGlobalSection
EndGlobal
